
Microsoft Visual Studio Solution File, Format Version 12.00
# Visual Studio Version 17
VisualStudioVersion = 17.2.32516.85
MinimumVisualStudioVersion = 10.0.40219.1
Project("{FAE04EC0-301F-11D3-BF4B-00C04F79EFBC}") = "MyHumbleShop", "MyHumbleShop\MyHumbleShop.csproj", "{89D3DF08-C272-4723-B2C8-7D23CFB26ADA}"
EndProject
Global
	GlobalSection(SolutionConfigurationPlatforms) = preSolution
		Debug|Any CPU = Debug|Any CPU
		Release|Any CPU = Release|Any CPU
	EndGlobalSection
	GlobalSection(ProjectConfigurationPlatforms) = postSolution
		{89D3DF08-C272-4723-B2C8-7D23CFB26ADA}.Debug|Any CPU.ActiveCfg = Debug|Any CPU
		{89D3DF08-C272-4723-B2C8-7D23CFB26ADA}.Debug|Any CPU.Build.0 = Debug|Any CPU
		{89D3DF08-C272-4723-B2C8-7D23CFB26ADA}.Release|Any CPU.ActiveCfg = Release|Any CPU
		{89D3DF08-C272-4723-B2C8-7D23CFB26ADA}.Release|Any CPU.Build.0 = Release|Any CPU
	EndGlobalSection
	GlobalSection(SolutionProperties) = preSolution
		HideSolutionNode = FALSE
	EndGlobalSection
	GlobalSection(ExtensibilityGlobals) = postSolution
		SolutionGuid = {955F921A-9E10-419E-BC5B-C0BD52A334D3}
	EndGlobalSection
EndGlobal
